// !$*UTF8*$!
{
	archiveVersion = 1;
	classes = {
	};
	objectVersion = 46;
	objects = {

/* Begin PBXBuildFile section */
		8E383F9A1B8D036D00E2D2EA /* main.m in Sources */ = {isa = PBXBuildFile; fileRef = 8E383F991B8D036D00E2D2EA /* main.m */; };
		8E383FB01B8D046E00E2D2EA /* Search.m in Sources */ = {isa = PBXBuildFile; fileRef = 8E383FAF1B8D046E00E2D2EA /* Search.m */; };
		8E383FB31B8D047600E2D2EA /* Load.m in Sources */ = {isa = PBXBuildFile; fileRef = 8E383FB21B8D047600E2D2EA /* Load.m */; };
		8E383FB61B8D04B000E2D2EA /* NSPredicate+SearchType.m in Sources */ = {isa = PBXBuildFile; fileRef = 8E383FB51B8D04B000E2D2EA /* NSPredicate+SearchType.m */; };
		8E383FB91B8D04BC00E2D2EA /* Article.m in Sources */ = {isa = PBXBuildFile; fileRef = 8E383FB81B8D04BC00E2D2EA /* Article.m */; };
		8E383FBB1B8D06BB00E2D2EA /* ArticleTests.m in Sources */ = {isa = PBXBuildFile; fileRef = 8E383FBA1B8D06BB00E2D2EA /* ArticleTests.m */; };
		8E383FBC1B8D071700E2D2EA /* Search.m in Sources */ = {isa = PBXBuildFile; fileRef = 8E383FAF1B8D046E00E2D2EA /* Search.m */; };
		8E383FBD1B8D071700E2D2EA /* Load.m in Sources */ = {isa = PBXBuildFile; fileRef = 8E383FB21B8D047600E2D2EA /* Load.m */; };
		8E383FBE1B8D071700E2D2EA /* NSPredicate+SearchType.m in Sources */ = {isa = PBXBuildFile; fileRef = 8E383FB51B8D04B000E2D2EA /* NSPredicate+SearchType.m */; };
		8E383FBF1B8D071700E2D2EA /* Article.m in Sources */ = {isa = PBXBuildFile; fileRef = 8E383FB81B8D04BC00E2D2EA /* Article.m */; };
		8E383FC11B8D073500E2D2EA /* LoadTests.m in Sources */ = {isa = PBXBuildFile; fileRef = 8E383FC01B8D073500E2D2EA /* LoadTests.m */; };
		8E383FC31B8D0BC000E2D2EA /* SearchTests.m in Sources */ = {isa = PBXBuildFile; fileRef = 8E383FC21B8D0BC000E2D2EA /* SearchTests.m */; };
		8E383FC81B8D19DE00E2D2EA /* ParamChecker.m in Sources */ = {isa = PBXBuildFile; fileRef = 8E383FC71B8D19DE00E2D2EA /* ParamChecker.m */; };
		8E383FCA1B8D1F6F00E2D2EA /* ParamCheckerTests.m in Sources */ = {isa = PBXBuildFile; fileRef = 8E383FC91B8D1F6F00E2D2EA /* ParamCheckerTests.m */; };
		8E383FCB1B8D1FDC00E2D2EA /* ParamChecker.m in Sources */ = {isa = PBXBuildFile; fileRef = 8E383FC71B8D19DE00E2D2EA /* ParamChecker.m */; };
/* End PBXBuildFile section */

/* Begin PBXCopyFilesBuildPhase section */
		8E383F941B8D036D00E2D2EA /* CopyFiles */ = {
			isa = PBXCopyFilesBuildPhase;
			buildActionMask = 2147483647;
			dstPath = /usr/share/man/man1/;
			dstSubfolderSpec = 0;
			files = (
			);
			runOnlyForDeploymentPostprocessing = 1;
		};
/* End PBXCopyFilesBuildPhase section */

/* Begin PBXFileReference section */
		8E383F961B8D036D00E2D2EA /* ArticleSearch */ = {isa = PBXFileReference; explicitFileType = "compiled.mach-o.executable"; includeInIndex = 0; path = ArticleSearch; sourceTree = BUILT_PRODUCTS_DIR; };
		8E383F991B8D036D00E2D2EA /* main.m */ = {isa = PBXFileReference; lastKnownFileType = sourcecode.c.objc; path = main.m; sourceTree = "<group>"; };
		8E383FA41B8D03EF00E2D2EA /* ArticleSearchTests.xctest */ = {isa = PBXFileReference; explicitFileType = wrapper.cfbundle; includeInIndex = 0; path = ArticleSearchTests.xctest; sourceTree = BUILT_PRODUCTS_DIR; };
		8E383FA71B8D03F000E2D2EA /* Info.plist */ = {isa = PBXFileReference; lastKnownFileType = text.plist.xml; path = Info.plist; sourceTree = "<group>"; };
		8E383FAE1B8D046E00E2D2EA /* Search.h */ = {isa = PBXFileReference; fileEncoding = 4; lastKnownFileType = sourcecode.c.h; path = Search.h; sourceTree = "<group>"; };
		8E383FAF1B8D046E00E2D2EA /* Search.m */ = {isa = PBXFileReference; fileEncoding = 4; lastKnownFileType = sourcecode.c.objc; path = Search.m; sourceTree = "<group>"; };
		8E383FB11B8D047600E2D2EA /* Load.h */ = {isa = PBXFileReference; fileEncoding = 4; lastKnownFileType = sourcecode.c.h; path = Load.h; sourceTree = "<group>"; };
		8E383FB21B8D047600E2D2EA /* Load.m */ = {isa = PBXFileReference; fileEncoding = 4; lastKnownFileType = sourcecode.c.objc; path = Load.m; sourceTree = "<group>"; };
		8E383FB41B8D04B000E2D2EA /* NSPredicate+SearchType.h */ = {isa = PBXFileReference; fileEncoding = 4; lastKnownFileType = sourcecode.c.h; path = "NSPredicate+SearchType.h"; sourceTree = "<group>"; };
		8E383FB51B8D04B000E2D2EA /* NSPredicate+SearchType.m */ = {isa = PBXFileReference; fileEncoding = 4; lastKnownFileType = sourcecode.c.objc; path = "NSPredicate+SearchType.m"; sourceTree = "<group>"; };
		8E383FB71B8D04BC00E2D2EA /* Article.h */ = {isa = PBXFileReference; fileEncoding = 4; lastKnownFileType = sourcecode.c.h; path = Article.h; sourceTree = "<group>"; };
		8E383FB81B8D04BC00E2D2EA /* Article.m */ = {isa = PBXFileReference; fileEncoding = 4; lastKnownFileType = sourcecode.c.objc; path = Article.m; sourceTree = "<group>"; };
		8E383FBA1B8D06BB00E2D2EA /* ArticleTests.m */ = {isa = PBXFileReference; fileEncoding = 4; lastKnownFileType = sourcecode.c.objc; path = ArticleTests.m; sourceTree = "<group>"; };
		8E383FC01B8D073500E2D2EA /* LoadTests.m */ = {isa = PBXFileReference; fileEncoding = 4; lastKnownFileType = sourcecode.c.objc; path = LoadTests.m; sourceTree = "<group>"; };
		8E383FC21B8D0BC000E2D2EA /* SearchTests.m */ = {isa = PBXFileReference; fileEncoding = 4; lastKnownFileType = sourcecode.c.objc; path = SearchTests.m; sourceTree = "<group>"; };
		8E383FC61B8D19DE00E2D2EA /* ParamChecker.h */ = {isa = PBXFileReference; fileEncoding = 4; lastKnownFileType = sourcecode.c.h; path = ParamChecker.h; sourceTree = "<group>"; };
		8E383FC71B8D19DE00E2D2EA /* ParamChecker.m */ = {isa = PBXFileReference; fileEncoding = 4; lastKnownFileType = sourcecode.c.objc; path = ParamChecker.m; sourceTree = "<group>"; };
		8E383FC91B8D1F6F00E2D2EA /* ParamCheckerTests.m */ = {isa = PBXFileReference; fileEncoding = 4; lastKnownFileType = sourcecode.c.objc; path = ParamCheckerTests.m; sourceTree = "<group>"; };
/* End PBXFileReference section */

/* Begin PBXFrameworksBuildPhase section */
		8E383F931B8D036D00E2D2EA /* Frameworks */ = {
			isa = PBXFrameworksBuildPhase;
			buildActionMask = 2147483647;
			files = (
			);
			runOnlyForDeploymentPostprocessing = 0;
		};
		8E383FA11B8D03EF00E2D2EA /* Frameworks */ = {
			isa = PBXFrameworksBuildPhase;
			buildActionMask = 2147483647;
			files = (
			);
			runOnlyForDeploymentPostprocessing = 0;
		};
/* End PBXFrameworksBuildPhase section */

/* Begin PBXGroup section */
		8E383F8D1B8D036D00E2D2EA = {
			isa = PBXGroup;
			children = (
				8E383F981B8D036D00E2D2EA /* ArticleSearch */,
				8E383FA51B8D03EF00E2D2EA /* ArticleSearchTests */,
				8E383F971B8D036D00E2D2EA /* Products */,
			);
			sourceTree = "<group>";
		};
		8E383F971B8D036D00E2D2EA /* Products */ = {
			isa = PBXGroup;
			children = (
				8E383F961B8D036D00E2D2EA /* ArticleSearch */,
				8E383FA41B8D03EF00E2D2EA /* ArticleSearchTests.xctest */,
			);
			name = Products;
			sourceTree = "<group>";
		};
		8E383F981B8D036D00E2D2EA /* ArticleSearch */ = {
			isa = PBXGroup;
			children = (
				8E383FC51B8D19B800E2D2EA /* Helpers */,
				8E383FC41B8D0CFA00E2D2EA /* README */,
				8E383FAD1B8D045A00E2D2EA /* Classes */,
				8E383F991B8D036D00E2D2EA /* main.m */,
			);
			path = ArticleSearch;
			sourceTree = "<group>";
		};
		8E383FA51B8D03EF00E2D2EA /* ArticleSearchTests */ = {
			isa = PBXGroup;
			children = (
				8E383FA61B8D03F000E2D2EA /* Supporting Files */,
				8E383FBA1B8D06BB00E2D2EA /* ArticleTests.m */,
				8E383FC01B8D073500E2D2EA /* LoadTests.m */,
				8E383FC21B8D0BC000E2D2EA /* SearchTests.m */,
				8E383FC91B8D1F6F00E2D2EA /* ParamCheckerTests.m */,
			);
			path = ArticleSearchTests;
			sourceTree = "<group>";
		};
		8E383FA61B8D03F000E2D2EA /* Supporting Files */ = {
			isa = PBXGroup;
			children = (
				8E383FA71B8D03F000E2D2EA /* Info.plist */,
			);
			name = "Supporting Files";
			sourceTree = "<group>";
		};
		8E383FAD1B8D045A00E2D2EA /* Classes */ = {
			isa = PBXGroup;
			children = (
				8E383FAE1B8D046E00E2D2EA /* Search.h */,
				8E383FAF1B8D046E00E2D2EA /* Search.m */,
				8E383FB11B8D047600E2D2EA /* Load.h */,
				8E383FB21B8D047600E2D2EA /* Load.m */,
				8E383FB41B8D04B000E2D2EA /* NSPredicate+SearchType.h */,
				8E383FB51B8D04B000E2D2EA /* NSPredicate+SearchType.m */,
				8E383FB71B8D04BC00E2D2EA /* Article.h */,
				8E383FB81B8D04BC00E2D2EA /* Article.m */,
			);
			name = Classes;
			sourceTree = "<group>";
		};
		8E383FC41B8D0CFA00E2D2EA /* README */ = {
			isa = PBXGroup;
			children = (
			);
			name = README;
			sourceTree = "<group>";
		};
		8E383FC51B8D19B800E2D2EA /* Helpers */ = {
			isa = PBXGroup;
			children = (
				8E383FC61B8D19DE00E2D2EA /* ParamChecker.h */,
				8E383FC71B8D19DE00E2D2EA /* ParamChecker.m */,
			);
			name = Helpers;
			sourceTree = "<group>";
		};
/* End PBXGroup section */

/* Begin PBXNativeTarget section */
		8E383F951B8D036D00E2D2EA /* ArticleSearch */ = {
			isa = PBXNativeTarget;
			buildConfigurationList = 8E383F9D1B8D036D00E2D2EA /* Build configuration list for PBXNativeTarget "ArticleSearch" */;
			buildPhases = (
				8E383F921B8D036D00E2D2EA /* Sources */,
				8E383F931B8D036D00E2D2EA /* Frameworks */,
				8E383F941B8D036D00E2D2EA /* CopyFiles */,
			);
			buildRules = (
			);
			dependencies = (
			);
			name = ArticleSearch;
			productName = ArticleSearch;
			productReference = 8E383F961B8D036D00E2D2EA /* ArticleSearch */;
			productType = "com.apple.product-type.tool";
		};
		8E383FA31B8D03EF00E2D2EA /* ArticleSearchTests */ = {
			isa = PBXNativeTarget;
			buildConfigurationList = 8E383FAA1B8D03F000E2D2EA /* Build configuration list for PBXNativeTarget "ArticleSearchTests" */;
			buildPhases = (
				8E383FA01B8D03EF00E2D2EA /* Sources */,
				8E383FA11B8D03EF00E2D2EA /* Frameworks */,
				8E383FA21B8D03EF00E2D2EA /* Resources */,
			);
			buildRules = (
			);
			dependencies = (
			);
			name = ArticleSearchTests;
			productName = ArticleSearchTests;
			productReference = 8E383FA41B8D03EF00E2D2EA /* ArticleSearchTests.xctest */;
			productType = "com.apple.product-type.bundle.unit-test";
		};
/* End PBXNativeTarget section */

/* Begin PBXProject section */
		8E383F8E1B8D036D00E2D2EA /* Project object */ = {
			isa = PBXProject;
			attributes = {
				LastUpgradeCheck = 0640;
				ORGANIZATIONNAME = "Jordan Mazurke";
				TargetAttributes = {
					8E383F951B8D036D00E2D2EA = {
						CreatedOnToolsVersion = 6.4;
					};
					8E383FA31B8D03EF00E2D2EA = {
						CreatedOnToolsVersion = 6.4;
					};
				};
			};
			buildConfigurationList = 8E383F911B8D036D00E2D2EA /* Build configuration list for PBXProject "ArticleSearch" */;
			compatibilityVersion = "Xcode 3.2";
			developmentRegion = English;
			hasScannedForEncodings = 0;
			knownRegions = (
				en,
			);
			mainGroup = 8E383F8D1B8D036D00E2D2EA;
			productRefGroup = 8E383F971B8D036D00E2D2EA /* Products */;
			projectDirPath = "";
			projectRoot = "";
			targets = (
				8E383F951B8D036D00E2D2EA /* ArticleSearch */,
				8E383FA31B8D03EF00E2D2EA /* ArticleSearchTests */,
			);
		};
/* End PBXProject section */

/* Begin PBXResourcesBuildPhase section */
		8E383FA21B8D03EF00E2D2EA /* Resources */ = {
			isa = PBXResourcesBuildPhase;
			buildActionMask = 2147483647;
			files = (
			);
			runOnlyForDeploymentPostprocessing = 0;
		};
/* End PBXResourcesBuildPhase section */

/* Begin PBXSourcesBuildPhase section */
		8E383F921B8D036D00E2D2EA /* Sources */ = {
			isa = PBXSourcesBuildPhase;
			buildActionMask = 2147483647;
			files = (
				8E383FB91B8D04BC00E2D2EA /* Article.m in Sources */,
				8E383FC81B8D19DE00E2D2EA /* ParamChecker.m in Sources */,
				8E383FB61B8D04B000E2D2EA /* NSPredicate+SearchType.m in Sources */,
				8E383F9A1B8D036D00E2D2EA /* main.m in Sources */,
				8E383FB31B8D047600E2D2EA /* Load.m in Sources */,
				8E383FB01B8D046E00E2D2EA /* Search.m in Sources */,
			);
			runOnlyForDeploymentPostprocessing = 0;
		};
		8E383FA01B8D03EF00E2D2EA /* Sources */ = {
			isa = PBXSourcesBuildPhase;
			buildActionMask = 2147483647;
			files = (
				8E383FCB1B8D1FDC00E2D2EA /* ParamChecker.m in Sources */,
				8E383FBC1B8D071700E2D2EA /* Search.m in Sources */,
				8E383FBD1B8D071700E2D2EA /* Load.m in Sources */,
				8E383FBE1B8D071700E2D2EA /* NSPredicate+SearchType.m in Sources */,
				8E383FC11B8D073500E2D2EA /* LoadTests.m in Sources */,
				8E383FBF1B8D071700E2D2EA /* Article.m in Sources */,
				8E383FC31B8D0BC000E2D2EA /* SearchTests.m in Sources */,
				8E383FBB1B8D06BB00E2D2EA /* ArticleTests.m in Sources */,
				8E383FCA1B8D1F6F00E2D2EA /* ParamCheckerTests.m in Sources */,
			);
			runOnlyForDeploymentPostprocessing = 0;
		};
/* End PBXSourcesBuildPhase section */

/* Begin XCBuildConfiguration section */
		8E383F9B1B8D036D00E2D2EA /* Debug */ = {
			isa = XCBuildConfiguration;
			buildSettings = {
				ALWAYS_SEARCH_USER_PATHS = NO;
				CLANG_CXX_LANGUAGE_STANDARD = "gnu++0x";
				CLANG_CXX_LIBRARY = "libc++";
				CLANG_ENABLE_MODULES = YES;
				CLANG_ENABLE_OBJC_ARC = YES;
				CLANG_WARN_BOOL_CONVERSION = YES;
				CLANG_WARN_CONSTANT_CONVERSION = YES;
				CLANG_WARN_DIRECT_OBJC_ISA_USAGE = YES_ERROR;
				CLANG_WARN_EMPTY_BODY = YES;
				CLANG_WARN_ENUM_CONVERSION = YES;
				CLANG_WARN_INT_CONVERSION = YES;
				CLANG_WARN_OBJC_ROOT_CLASS = YES_ERROR;
				CLANG_WARN_UNREACHABLE_CODE = YES;
				CLANG_WARN__DUPLICATE_METHOD_MATCH = YES;
				COPY_PHASE_STRIP = NO;
				DEBUG_INFORMATION_FORMAT = dwarf;
				ENABLE_STRICT_OBJC_MSGSEND = YES;
				GCC_C_LANGUAGE_STANDARD = gnu99;
				GCC_DYNAMIC_NO_PIC = NO;
				GCC_NO_COMMON_BLOCKS = YES;
				GCC_OPTIMIZATION_LEVEL = 0;
				GCC_PREPROCESSOR_DEFINITIONS = (
					"DEBUG=1",
					"$(inherited)",
				);
				GCC_SYMBOLS_PRIVATE_EXTERN = NO;
				GCC_WARN_64_TO_32_BIT_CONVERSION = YES;
				GCC_WARN_ABOUT_RETURN_TYPE = YES_ERROR;
				GCC_WARN_UNDECLARED_SELECTOR = YES;
				GCC_WARN_UNINITIALIZED_AUTOS = YES_AGGRESSIVE;
				GCC_WARN_UNUSED_FUNCTION = YES;
				GCC_WARN_UNUSED_VARIABLE = YES;
				MACOSX_DEPLOYMENT_TARGET = 10.10;
				MTL_ENABLE_DEBUG_INFO = YES;
				ONLY_ACTIVE_ARCH = YES;
				SDKROOT = macosx;
			};
			name = Debug;
		};
		8E383F9C1B8D036D00E2D2EA /* Release */ = {
			isa = XCBuildConfiguration;
			buildSettings = {
				ALWAYS_SEARCH_USER_PATHS = NO;
				CLANG_CXX_LANGUAGE_STANDARD = "gnu++0x";
				CLANG_CXX_LIBRARY = "libc++";
				CLANG_ENABLE_MODULES = YES;
				CLANG_ENABLE_OBJC_ARC = YES;
				CLANG_WARN_BOOL_CONVERSION = YES;
				CLANG_WARN_CONSTANT_CONVERSION = YES;
				CLANG_WARN_DIRECT_OBJC_ISA_USAGE = YES_ERROR;
				CLANG_WARN_EMPTY_BODY = YES;
				CLANG_WARN_ENUM_CONVERSION = YES;
				CLANG_WARN_INT_CONVERSION = YES;
				CLANG_WARN_OBJC_ROOT_CLASS = YES_ERROR;
				CLANG_WARN_UNREACHABLE_CODE = YES;
				CLANG_WARN__DUPLICATE_METHOD_MATCH = YES;
				COPY_PHASE_STRIP = NO;
				DEBUG_INFORMATION_FORMAT = "dwarf-with-dsym";
				ENABLE_NS_ASSERTIONS = NO;
				ENABLE_STRICT_OBJC_MSGSEND = YES;
				GCC_C_LANGUAGE_STANDARD = gnu99;
				GCC_NO_COMMON_BLOCKS = YES;
				GCC_WARN_64_TO_32_BIT_CONVERSION = YES;
				GCC_WARN_ABOUT_RETURN_TYPE = YES_ERROR;
				GCC_WARN_UNDECLARED_SELECTOR = YES;
				GCC_WARN_UNINITIALIZED_AUTOS = YES_AGGRESSIVE;
				GCC_WARN_UNUSED_FUNCTION = YES;
				GCC_WARN_UNUSED_VARIABLE = YES;
				MACOSX_DEPLOYMENT_TARGET = 10.10;
				MTL_ENABLE_DEBUG_INFO = NO;
				SDKROOT = macosx;
			};
			name = Release;
		};
		8E383F9E1B8D036D00E2D2EA /* Debug */ = {
			isa = XCBuildConfiguration;
			buildSettings = {
				PRODUCT_NAME = "$(TARGET_NAME)";
			};
			name = Debug;
		};
		8E383F9F1B8D036D00E2D2EA /* Release */ = {
			isa = XCBuildConfiguration;
			buildSettings = {
				PRODUCT_NAME = "$(TARGET_NAME)";
			};
			name = Release;
		};
		8E383FAB1B8D03F000E2D2EA /* Debug */ = {
			isa = XCBuildConfiguration;
			buildSettings = {
				COMBINE_HIDPI_IMAGES = YES;
				FRAMEWORK_SEARCH_PATHS = (
					"$(DEVELOPER_FRAMEWORKS_DIR)",
					"$(inherited)",
				);
				GCC_PREPROCESSOR_DEFINITIONS = (
					"DEBUG=1",
					"$(inherited)",
				);
				INFOPLIST_FILE = ArticleSearchTests/Info.plist;
				LD_RUNPATH_SEARCH_PATHS = "$(inherited) @executable_path/../Frameworks @loader_path/../Frameworks";
				PRODUCT_NAME = "$(TARGET_NAME)";
			};
			name = Debug;
		};
		8E383FAC1B8D03F000E2D2EA /* Release */ = {
			isa = XCBuildConfiguration;
			buildSettings = {
				COMBINE_HIDPI_IMAGES = YES;
				FRAMEWORK_SEARCH_PATHS = (
					"$(DEVELOPER_FRAMEWORKS_DIR)",
					"$(inherited)",
				);
				INFOPLIST_FILE = ArticleSearchTests/Info.plist;
				LD_RUNPATH_SEARCH_PATHS = "$(inherited) @executable_path/../Frameworks @loader_path/../Frameworks";
				PRODUCT_NAME = "$(TARGET_NAME)";
			};
			name = Release;
		};
/* End XCBuildConfiguration section */

/* Begin XCConfigurationList section */
		8E383F911B8D036D00E2D2EA /* Build configuration list for PBXProject "ArticleSearch" */ = {
			isa = XCConfigurationList;
			buildConfigurations = (
				8E383F9B1B8D036D00E2D2EA /* Debug */,
				8E383F9C1B8D036D00E2D2EA /* Release */,
			);
			defaultConfigurationIsVisible = 0;
			defaultConfigurationName = Release;
		};
		8E383F9D1B8D036D00E2D2EA /* Build configuration list for PBXNativeTarget "ArticleSearch" */ = {
			isa = XCConfigurationList;
			buildConfigurations = (
				8E383F9E1B8D036D00E2D2EA /* Debug */,
				8E383F9F1B8D036D00E2D2EA /* Release */,
			);
			defaultConfigurationIsVisible = 0;
		};
		8E383FAA1B8D03F000E2D2EA /* Build configuration list for PBXNativeTarget "ArticleSearchTests" */ = {
			isa = XCConfigurationList;
			buildConfigurations = (
				8E383FAB1B8D03F000E2D2EA /* Debug */,
				8E383FAC1B8D03F000E2D2EA /* Release */,
			);
			defaultConfigurationIsVisible = 0;
		};
/* End XCConfigurationList section */
	};
	rootObject = 8E383F8E1B8D036D00E2D2EA /* Project object */;
}
